
Microsoft Visual Studio Solution File, Format Version 12.00
# Visual Studio 15
VisualStudioVersion = 15.0.26124.0
MinimumVisualStudioVersion = 15.0.26124.0
Project("{2150E333-8FDC-42A3-9474-1A3956D46DE8}") = "04-Testes", "04-Testes", "{3C65075B-D787-4965-B9F4-A80DE2F465E5}"
EndProject
Project("{9A19103F-16F7-4668-BE54-9A1E7A4F7556}") = "Tdd.Simasoft.Challenge.Lucro", "04-Testes\Tdd.Simasoft.Challenge.Lucro\Tdd.Simasoft.Challenge.Lucro.csproj", "{370998DD-DEAC-4268-ADE4-70D37BD5E09C}"
EndProject
Project("{2150E333-8FDC-42A3-9474-1A3956D46DE8}") = "03-Infra", "03-Infra", "{4B0DAC52-D7FE-4EA3-91FE-6AC036BEA6A9}"
EndProject
Project("{9A19103F-16F7-4668-BE54-9A1E7A4F7556}") = "Simasoft.Challenge.Lucro.Infra.DapperExtensionsCore", "03-Infra\Simasoft.Challenge.Lucro.Infra.DapperExtensionsCore\Simasoft.Challenge.Lucro.Infra.DapperExtensionsCore.csproj", "{F09AC389-B434-43C6-A81B-2DCAE272527C}"
EndProject
Project("{2150E333-8FDC-42A3-9474-1A3956D46DE8}") = "02-Dominio", "02-Dominio", "{76847E5E-09B5-451A-B848-0515B9982F0A}"
EndProject
Project("{9A19103F-16F7-4668-BE54-9A1E7A4F7556}") = "Simasoft.Challenge.Lucro.Dominio", "02-Dominio\Simasoft.Challenge.Lucro.Dominio\Simasoft.Challenge.Lucro.Dominio.csproj", "{39729631-5CA0-4BFA-A737-5035D8AF012F}"
EndProject
Project("{2150E333-8FDC-42A3-9474-1A3956D46DE8}") = "01-Aplicacao", "01-Aplicacao", "{B60657E9-48CC-4397-AF7F-297E40F483AE}"
EndProject
Project("{2150E333-8FDC-42A3-9474-1A3956D46DE8}") = "00-Fronteira", "00-Fronteira", "{E66699FB-35BA-4E01-90A1-BE7915A81C17}"
EndProject
Project("{9A19103F-16F7-4668-BE54-9A1E7A4F7556}") = "Simasoft.Challenge.Lucro.Aplicacao", "01-Applicacao\Simasoft.Challenge.Lucro.Aplicacao\Simasoft.Challenge.Lucro.Aplicacao.csproj", "{A339BB7C-B3E3-4468-B089-5607E1A171D3}"
EndProject
Project("{9A19103F-16F7-4668-BE54-9A1E7A4F7556}") = "Simasoft.Challenge.Lucro.Infra", "03-Infra\Simasoft.Challenge.Lucro.Infra\Simasoft.Challenge.Lucro.Infra.csproj", "{DC122028-5DDA-403C-BF6B-E79519A2C9DC}"
EndProject
Project("{9A19103F-16F7-4668-BE54-9A1E7A4F7556}") = "Simasoft.Challenge.Lucro.Api", "00-Fronteira\Simasoft.Challenge.Lucro.Api\Simasoft.Challenge.Lucro.Api.csproj", "{76633BF1-BC02-443F-816C-44D6CEAE0D0F}"
EndProject
Global
	GlobalSection(SolutionConfigurationPlatforms) = preSolution
		Debug|Any CPU = Debug|Any CPU
		Debug|x64 = Debug|x64
		Debug|x86 = Debug|x86
		Release|Any CPU = Release|Any CPU
		Release|x64 = Release|x64
		Release|x86 = Release|x86
	EndGlobalSection
	GlobalSection(ProjectConfigurationPlatforms) = postSolution
		{370998DD-DEAC-4268-ADE4-70D37BD5E09C}.Debug|Any CPU.ActiveCfg = Debug|Any CPU
		{370998DD-DEAC-4268-ADE4-70D37BD5E09C}.Debug|Any CPU.Build.0 = Debug|Any CPU
		{370998DD-DEAC-4268-ADE4-70D37BD5E09C}.Debug|x64.ActiveCfg = Debug|Any CPU
		{370998DD-DEAC-4268-ADE4-70D37BD5E09C}.Debug|x64.Build.0 = Debug|Any CPU
		{370998DD-DEAC-4268-ADE4-70D37BD5E09C}.Debug|x86.ActiveCfg = Debug|Any CPU
		{370998DD-DEAC-4268-ADE4-70D37BD5E09C}.Debug|x86.Build.0 = Debug|Any CPU
		{370998DD-DEAC-4268-ADE4-70D37BD5E09C}.Release|Any CPU.ActiveCfg = Release|Any CPU
		{370998DD-DEAC-4268-ADE4-70D37BD5E09C}.Release|Any CPU.Build.0 = Release|Any CPU
		{370998DD-DEAC-4268-ADE4-70D37BD5E09C}.Release|x64.ActiveCfg = Release|Any CPU
		{370998DD-DEAC-4268-ADE4-70D37BD5E09C}.Release|x64.Build.0 = Release|Any CPU
		{370998DD-DEAC-4268-ADE4-70D37BD5E09C}.Release|x86.ActiveCfg = Release|Any CPU
		{370998DD-DEAC-4268-ADE4-70D37BD5E09C}.Release|x86.Build.0 = Release|Any CPU
		{F09AC389-B434-43C6-A81B-2DCAE272527C}.Debug|Any CPU.ActiveCfg = Debug|Any CPU
		{F09AC389-B434-43C6-A81B-2DCAE272527C}.Debug|Any CPU.Build.0 = Debug|Any CPU
		{F09AC389-B434-43C6-A81B-2DCAE272527C}.Debug|x64.ActiveCfg = Debug|Any CPU
		{F09AC389-B434-43C6-A81B-2DCAE272527C}.Debug|x64.Build.0 = Debug|Any CPU
		{F09AC389-B434-43C6-A81B-2DCAE272527C}.Debug|x86.ActiveCfg = Debug|Any CPU
		{F09AC389-B434-43C6-A81B-2DCAE272527C}.Debug|x86.Build.0 = Debug|Any CPU
		{F09AC389-B434-43C6-A81B-2DCAE272527C}.Release|Any CPU.ActiveCfg = Release|Any CPU
		{F09AC389-B434-43C6-A81B-2DCAE272527C}.Release|Any CPU.Build.0 = Release|Any CPU
		{F09AC389-B434-43C6-A81B-2DCAE272527C}.Release|x64.ActiveCfg = Release|Any CPU
		{F09AC389-B434-43C6-A81B-2DCAE272527C}.Release|x64.Build.0 = Release|Any CPU
		{F09AC389-B434-43C6-A81B-2DCAE272527C}.Release|x86.ActiveCfg = Release|Any CPU
		{F09AC389-B434-43C6-A81B-2DCAE272527C}.Release|x86.Build.0 = Release|Any CPU
		{39729631-5CA0-4BFA-A737-5035D8AF012F}.Debug|Any CPU.ActiveCfg = Debug|Any CPU
		{39729631-5CA0-4BFA-A737-5035D8AF012F}.Debug|Any CPU.Build.0 = Debug|Any CPU
		{39729631-5CA0-4BFA-A737-5035D8AF012F}.Debug|x64.ActiveCfg = Debug|Any CPU
		{39729631-5CA0-4BFA-A737-5035D8AF012F}.Debug|x64.Build.0 = Debug|Any CPU
		{39729631-5CA0-4BFA-A737-5035D8AF012F}.Debug|x86.ActiveCfg = Debug|Any CPU
		{39729631-5CA0-4BFA-A737-5035D8AF012F}.Debug|x86.Build.0 = Debug|Any CPU
		{39729631-5CA0-4BFA-A737-5035D8AF012F}.Release|Any CPU.ActiveCfg = Release|Any CPU
		{39729631-5CA0-4BFA-A737-5035D8AF012F}.Release|Any CPU.Build.0 = Release|Any CPU
		{39729631-5CA0-4BFA-A737-5035D8AF012F}.Release|x64.ActiveCfg = Release|Any CPU
		{39729631-5CA0-4BFA-A737-5035D8AF012F}.Release|x64.Build.0 = Release|Any CPU
		{39729631-5CA0-4BFA-A737-5035D8AF012F}.Release|x86.ActiveCfg = Release|Any CPU
		{39729631-5CA0-4BFA-A737-5035D8AF012F}.Release|x86.Build.0 = Release|Any CPU
		{A339BB7C-B3E3-4468-B089-5607E1A171D3}.Debug|Any CPU.ActiveCfg = Debug|Any CPU
		{A339BB7C-B3E3-4468-B089-5607E1A171D3}.Debug|Any CPU.Build.0 = Debug|Any CPU
		{A339BB7C-B3E3-4468-B089-5607E1A171D3}.Debug|x64.ActiveCfg = Debug|Any CPU
		{A339BB7C-B3E3-4468-B089-5607E1A171D3}.Debug|x64.Build.0 = Debug|Any CPU
		{A339BB7C-B3E3-4468-B089-5607E1A171D3}.Debug|x86.ActiveCfg = Debug|Any CPU
		{A339BB7C-B3E3-4468-B089-5607E1A171D3}.Debug|x86.Build.0 = Debug|Any CPU
		{A339BB7C-B3E3-4468-B089-5607E1A171D3}.Release|Any CPU.ActiveCfg = Release|Any CPU
		{A339BB7C-B3E3-4468-B089-5607E1A171D3}.Release|Any CPU.Build.0 = Release|Any CPU
		{A339BB7C-B3E3-4468-B089-5607E1A171D3}.Release|x64.ActiveCfg = Release|Any CPU
		{A339BB7C-B3E3-4468-B089-5607E1A171D3}.Release|x64.Build.0 = Release|Any CPU
		{A339BB7C-B3E3-4468-B089-5607E1A171D3}.Release|x86.ActiveCfg = Release|Any CPU
		{A339BB7C-B3E3-4468-B089-5607E1A171D3}.Release|x86.Build.0 = Release|Any CPU
		{DC122028-5DDA-403C-BF6B-E79519A2C9DC}.Debug|Any CPU.ActiveCfg = Debug|Any CPU
		{DC122028-5DDA-403C-BF6B-E79519A2C9DC}.Debug|Any CPU.Build.0 = Debug|Any CPU
		{DC122028-5DDA-403C-BF6B-E79519A2C9DC}.Debug|x64.ActiveCfg = Debug|Any CPU
		{DC122028-5DDA-403C-BF6B-E79519A2C9DC}.Debug|x64.Build.0 = Debug|Any CPU
		{DC122028-5DDA-403C-BF6B-E79519A2C9DC}.Debug|x86.ActiveCfg = Debug|Any CPU
		{DC122028-5DDA-403C-BF6B-E79519A2C9DC}.Debug|x86.Build.0 = Debug|Any CPU
		{DC122028-5DDA-403C-BF6B-E79519A2C9DC}.Release|Any CPU.ActiveCfg = Release|Any CPU
		{DC122028-5DDA-403C-BF6B-E79519A2C9DC}.Release|Any CPU.Build.0 = Release|Any CPU
		{DC122028-5DDA-403C-BF6B-E79519A2C9DC}.Release|x64.ActiveCfg = Release|Any CPU
		{DC122028-5DDA-403C-BF6B-E79519A2C9DC}.Release|x64.Build.0 = Release|Any CPU
		{DC122028-5DDA-403C-BF6B-E79519A2C9DC}.Release|x86.ActiveCfg = Release|Any CPU
		{DC122028-5DDA-403C-BF6B-E79519A2C9DC}.Release|x86.Build.0 = Release|Any CPU
		{76633BF1-BC02-443F-816C-44D6CEAE0D0F}.Debug|Any CPU.ActiveCfg = Debug|Any CPU
		{76633BF1-BC02-443F-816C-44D6CEAE0D0F}.Debug|Any CPU.Build.0 = Debug|Any CPU
		{76633BF1-BC02-443F-816C-44D6CEAE0D0F}.Debug|x64.ActiveCfg = Debug|Any CPU
		{76633BF1-BC02-443F-816C-44D6CEAE0D0F}.Debug|x64.Build.0 = Debug|Any CPU
		{76633BF1-BC02-443F-816C-44D6CEAE0D0F}.Debug|x86.ActiveCfg = Debug|Any CPU
		{76633BF1-BC02-443F-816C-44D6CEAE0D0F}.Debug|x86.Build.0 = Debug|Any CPU
		{76633BF1-BC02-443F-816C-44D6CEAE0D0F}.Release|Any CPU.ActiveCfg = Release|Any CPU
		{76633BF1-BC02-443F-816C-44D6CEAE0D0F}.Release|Any CPU.Build.0 = Release|Any CPU
		{76633BF1-BC02-443F-816C-44D6CEAE0D0F}.Release|x64.ActiveCfg = Release|Any CPU
		{76633BF1-BC02-443F-816C-44D6CEAE0D0F}.Release|x64.Build.0 = Release|Any CPU
		{76633BF1-BC02-443F-816C-44D6CEAE0D0F}.Release|x86.ActiveCfg = Release|Any CPU
		{76633BF1-BC02-443F-816C-44D6CEAE0D0F}.Release|x86.Build.0 = Release|Any CPU
	EndGlobalSection
	GlobalSection(SolutionProperties) = preSolution
		HideSolutionNode = FALSE
	EndGlobalSection
	GlobalSection(NestedProjects) = preSolution
		{370998DD-DEAC-4268-ADE4-70D37BD5E09C} = {3C65075B-D787-4965-B9F4-A80DE2F465E5}
		{F09AC389-B434-43C6-A81B-2DCAE272527C} = {4B0DAC52-D7FE-4EA3-91FE-6AC036BEA6A9}
		{39729631-5CA0-4BFA-A737-5035D8AF012F} = {76847E5E-09B5-451A-B848-0515B9982F0A}
		{A339BB7C-B3E3-4468-B089-5607E1A171D3} = {B60657E9-48CC-4397-AF7F-297E40F483AE}
		{DC122028-5DDA-403C-BF6B-E79519A2C9DC} = {4B0DAC52-D7FE-4EA3-91FE-6AC036BEA6A9}
		{76633BF1-BC02-443F-816C-44D6CEAE0D0F} = {E66699FB-35BA-4E01-90A1-BE7915A81C17}
	EndGlobalSection
	GlobalSection(ExtensibilityGlobals) = postSolution
		SolutionGuid = {E1651604-149D-41BF-8C11-D3552B3EBCB1}
	EndGlobalSection
EndGlobal
